// !$*UTF8*$!
{
	archiveVersion = 1;
	classes = {
	};
	objectVersion = 48;
	objects = {

/* Begin PBXBuildFile section */
		986D0C95F358045B9A788431 /* Pods_ZMWSwiftFramework.framework in Frameworks */ = {isa = PBXBuildFile; fileRef = D5A25FA529FBD5BFF8F1A116 /* Pods_ZMWSwiftFramework.framework */; };
		BDEB8A541FE115100066C807 /* Assets.xcassets in Resources */ = {isa = PBXBuildFile; fileRef = BDEB8A471FE115100066C807 /* Assets.xcassets */; };
		BDEB8A551FE115100066C807 /* Launch Screen.storyboard in Resources */ = {isa = PBXBuildFile; fileRef = BDEB8A481FE115100066C807 /* Launch Screen.storyboard */; };
		BDEB8A561FE115100066C807 /* Launch1.png in Resources */ = {isa = PBXBuildFile; fileRef = BDEB8A491FE115100066C807 /* Launch1.png */; };
		BDEB8A571FE115100066C807 /* Info.plist in Resources */ = {isa = PBXBuildFile; fileRef = BDEB8A4A1FE115100066C807 /* Info.plist */; };
		BDEB8A581FE115100066C807 /* AppDelegate.swift in Sources */ = {isa = PBXBuildFile; fileRef = BDEB8A511FE115100066C807 /* AppDelegate.swift */; };
		BDEB8A5A1FE119120066C807 /* BaseViewController.swift in Sources */ = {isa = PBXBuildFile; fileRef = BDEB8A591FE119120066C807 /* BaseViewController.swift */; };
		BDEB8A5C1FE1195E0066C807 /* SizeMacro.swift in Sources */ = {isa = PBXBuildFile; fileRef = BDEB8A5B1FE1195E0066C807 /* SizeMacro.swift */; };
		BDEB8A5E1FE119930066C807 /* UtilMacro.swift in Sources */ = {isa = PBXBuildFile; fileRef = BDEB8A5D1FE119930066C807 /* UtilMacro.swift */; };
		BDEB8A601FE119B60066C807 /* ApiMacro.swift in Sources */ = {isa = PBXBuildFile; fileRef = BDEB8A5F1FE119B60066C807 /* ApiMacro.swift */; };
		BDEB8A621FE11A090066C807 /* PathMacro.swift in Sources */ = {isa = PBXBuildFile; fileRef = BDEB8A611FE11A090066C807 /* PathMacro.swift */; };
		BDEB8A651FE11AC60066C807 /* UIFont+IOSUtil.swift in Sources */ = {isa = PBXBuildFile; fileRef = BDEB8A641FE11AC60066C807 /* UIFont+IOSUtil.swift */; };
		BDEB8A671FE11B290066C807 /* UIScreen+JCScale.swift in Sources */ = {isa = PBXBuildFile; fileRef = BDEB8A661FE11B290066C807 /* UIScreen+JCScale.swift */; };
		BDEB8A701FE11CA00066C807 /* UIView+JCView.swift in Sources */ = {isa = PBXBuildFile; fileRef = BDEB8A691FE11C9F0066C807 /* UIView+JCView.swift */; };
		BDEB8A711FE11CA00066C807 /* UIWebView+JCWebView.swift in Sources */ = {isa = PBXBuildFile; fileRef = BDEB8A6A1FE11C9F0066C807 /* UIWebView+JCWebView.swift */; };
		BDEB8A721FE11CA00066C807 /* UIImage+JCImage.swift in Sources */ = {isa = PBXBuildFile; fileRef = BDEB8A6B1FE11C9F0066C807 /* UIImage+JCImage.swift */; };
		BDEB8A731FE11CA00066C807 /* UIScrollView+JCScrollView.swift in Sources */ = {isa = PBXBuildFile; fileRef = BDEB8A6C1FE11C9F0066C807 /* UIScrollView+JCScrollView.swift */; };
		BDEB8A741FE11CA00066C807 /* UITextView+JCTextView.swift in Sources */ = {isa = PBXBuildFile; fileRef = BDEB8A6D1FE11C9F0066C807 /* UITextView+JCTextView.swift */; };
		BDEB8A751FE11CA00066C807 /* UITextField+JCTextField.swift in Sources */ = {isa = PBXBuildFile; fileRef = BDEB8A6E1FE11CA00066C807 /* UITextField+JCTextField.swift */; };
		BDEB8A771FE11CAE0066C807 /* UIColor+IOSUtil.swift in Sources */ = {isa = PBXBuildFile; fileRef = BDEB8A761FE11CAE0066C807 /* UIColor+IOSUtil.swift */; };
		BDEB8A7A1FE11E760066C807 /* Data+JCData.swift in Sources */ = {isa = PBXBuildFile; fileRef = BDEB8A781FE11E750066C807 /* Data+JCData.swift */; };
		BDEB8A7D1FE120FE0066C807 /* UIButton+IOSUtil.swift in Sources */ = {isa = PBXBuildFile; fileRef = BDEB8A7C1FE120FE0066C807 /* UIButton+IOSUtil.swift */; };
		BDEB8A7F1FE1210F0066C807 /* UILabel+IOSUtil.swift in Sources */ = {isa = PBXBuildFile; fileRef = BDEB8A7E1FE1210F0066C807 /* UILabel+IOSUtil.swift */; };
		BDEB8A811FE121200066C807 /* UIImageView+IOSUtil.swift in Sources */ = {isa = PBXBuildFile; fileRef = BDEB8A801FE121200066C807 /* UIImageView+IOSUtil.swift */; };
		BDEB8A831FE121D70066C807 /* Tool.swift in Sources */ = {isa = PBXBuildFile; fileRef = BDEB8A821FE121D70066C807 /* Tool.swift */; };
		BDEB8A851FE122EB0066C807 /* BaseRequestManager.swift in Sources */ = {isa = PBXBuildFile; fileRef = BDEB8A841FE122EB0066C807 /* BaseRequestManager.swift */; };
		BDEB8A871FE123610066C807 /* TestRequest.swift in Sources */ = {isa = PBXBuildFile; fileRef = BDEB8A861FE123610066C807 /* TestRequest.swift */; };
		BDEB8A8B1FE125FD0066C807 /* UITableView+IOSUtil.swift in Sources */ = {isa = PBXBuildFile; fileRef = BDEB8A8A1FE125FD0066C807 /* UITableView+IOSUtil.swift */; };
/* End PBXBuildFile section */

/* Begin PBXFileReference section */
		9ACA409FBF66D15A70686231 /* Pods-ZMWSwiftFramework.release.xcconfig */ = {isa = PBXFileReference; includeInIndex = 1; lastKnownFileType = text.xcconfig; name = "Pods-ZMWSwiftFramework.release.xcconfig"; path = "Pods/Target Support Files/Pods-ZMWSwiftFramework/Pods-ZMWSwiftFramework.release.xcconfig"; sourceTree = "<group>"; };
		BDEB8A241FE0EC0E0066C807 /* ZMWSwiftFramework.app */ = {isa = PBXFileReference; explicitFileType = wrapper.application; includeInIndex = 0; path = ZMWSwiftFramework.app; sourceTree = BUILT_PRODUCTS_DIR; };
		BDEB8A471FE115100066C807 /* Assets.xcassets */ = {isa = PBXFileReference; lastKnownFileType = folder.assetcatalog; path = Assets.xcassets; sourceTree = "<group>"; };
		BDEB8A481FE115100066C807 /* Launch Screen.storyboard */ = {isa = PBXFileReference; fileEncoding = 4; lastKnownFileType = file.storyboard; path = "Launch Screen.storyboard"; sourceTree = "<group>"; };
		BDEB8A491FE115100066C807 /* Launch1.png */ = {isa = PBXFileReference; lastKnownFileType = image.png; path = Launch1.png; sourceTree = "<group>"; };
		BDEB8A4A1FE115100066C807 /* Info.plist */ = {isa = PBXFileReference; fileEncoding = 4; lastKnownFileType = text.plist.xml; path = Info.plist; sourceTree = "<group>"; };
		BDEB8A511FE115100066C807 /* AppDelegate.swift */ = {isa = PBXFileReference; fileEncoding = 4; lastKnownFileType = sourcecode.swift; path = AppDelegate.swift; sourceTree = "<group>"; };
		BDEB8A591FE119120066C807 /* BaseViewController.swift */ = {isa = PBXFileReference; lastKnownFileType = sourcecode.swift; path = BaseViewController.swift; sourceTree = "<group>"; };
		BDEB8A5B1FE1195E0066C807 /* SizeMacro.swift */ = {isa = PBXFileReference; lastKnownFileType = sourcecode.swift; path = SizeMacro.swift; sourceTree = "<group>"; };
		BDEB8A5D1FE119930066C807 /* UtilMacro.swift */ = {isa = PBXFileReference; lastKnownFileType = sourcecode.swift; path = UtilMacro.swift; sourceTree = "<group>"; };
		BDEB8A5F1FE119B60066C807 /* ApiMacro.swift */ = {isa = PBXFileReference; lastKnownFileType = sourcecode.swift; path = ApiMacro.swift; sourceTree = "<group>"; };
		BDEB8A611FE11A090066C807 /* PathMacro.swift */ = {isa = PBXFileReference; lastKnownFileType = sourcecode.swift; path = PathMacro.swift; sourceTree = "<group>"; };
		BDEB8A641FE11AC60066C807 /* UIFont+IOSUtil.swift */ = {isa = PBXFileReference; lastKnownFileType = sourcecode.swift; path = "UIFont+IOSUtil.swift"; sourceTree = "<group>"; };
		BDEB8A661FE11B290066C807 /* UIScreen+JCScale.swift */ = {isa = PBXFileReference; fileEncoding = 4; lastKnownFileType = sourcecode.swift; path = "UIScreen+JCScale.swift"; sourceTree = "<group>"; };
		BDEB8A691FE11C9F0066C807 /* UIView+JCView.swift */ = {isa = PBXFileReference; fileEncoding = 4; lastKnownFileType = sourcecode.swift; path = "UIView+JCView.swift"; sourceTree = "<group>"; };
		BDEB8A6A1FE11C9F0066C807 /* UIWebView+JCWebView.swift */ = {isa = PBXFileReference; fileEncoding = 4; lastKnownFileType = sourcecode.swift; path = "UIWebView+JCWebView.swift"; sourceTree = "<group>"; };
		BDEB8A6B1FE11C9F0066C807 /* UIImage+JCImage.swift */ = {isa = PBXFileReference; fileEncoding = 4; lastKnownFileType = sourcecode.swift; path = "UIImage+JCImage.swift"; sourceTree = "<group>"; };
		BDEB8A6C1FE11C9F0066C807 /* UIScrollView+JCScrollView.swift */ = {isa = PBXFileReference; fileEncoding = 4; lastKnownFileType = sourcecode.swift; path = "UIScrollView+JCScrollView.swift"; sourceTree = "<group>"; };
		BDEB8A6D1FE11C9F0066C807 /* UITextView+JCTextView.swift */ = {isa = PBXFileReference; fileEncoding = 4; lastKnownFileType = sourcecode.swift; path = "UITextView+JCTextView.swift"; sourceTree = "<group>"; };
		BDEB8A6E1FE11CA00066C807 /* UITextField+JCTextField.swift */ = {isa = PBXFileReference; fileEncoding = 4; lastKnownFileType = sourcecode.swift; path = "UITextField+JCTextField.swift"; sourceTree = "<group>"; };
		BDEB8A761FE11CAE0066C807 /* UIColor+IOSUtil.swift */ = {isa = PBXFileReference; lastKnownFileType = sourcecode.swift; path = "UIColor+IOSUtil.swift"; sourceTree = "<group>"; };
		BDEB8A781FE11E750066C807 /* Data+JCData.swift */ = {isa = PBXFileReference; fileEncoding = 4; lastKnownFileType = sourcecode.swift; path = "Data+JCData.swift"; sourceTree = "<group>"; };
		BDEB8A7C1FE120FE0066C807 /* UIButton+IOSUtil.swift */ = {isa = PBXFileReference; lastKnownFileType = sourcecode.swift; path = "UIButton+IOSUtil.swift"; sourceTree = "<group>"; };
		BDEB8A7E1FE1210F0066C807 /* UILabel+IOSUtil.swift */ = {isa = PBXFileReference; lastKnownFileType = sourcecode.swift; path = "UILabel+IOSUtil.swift"; sourceTree = "<group>"; };
		BDEB8A801FE121200066C807 /* UIImageView+IOSUtil.swift */ = {isa = PBXFileReference; lastKnownFileType = sourcecode.swift; path = "UIImageView+IOSUtil.swift"; sourceTree = "<group>"; };
		BDEB8A821FE121D70066C807 /* Tool.swift */ = {isa = PBXFileReference; lastKnownFileType = sourcecode.swift; path = Tool.swift; sourceTree = "<group>"; };
		BDEB8A841FE122EB0066C807 /* BaseRequestManager.swift */ = {isa = PBXFileReference; lastKnownFileType = sourcecode.swift; path = BaseRequestManager.swift; sourceTree = "<group>"; };
		BDEB8A861FE123610066C807 /* TestRequest.swift */ = {isa = PBXFileReference; lastKnownFileType = sourcecode.swift; path = TestRequest.swift; sourceTree = "<group>"; };
		BDEB8A8A1FE125FD0066C807 /* UITableView+IOSUtil.swift */ = {isa = PBXFileReference; lastKnownFileType = sourcecode.swift; path = "UITableView+IOSUtil.swift"; sourceTree = "<group>"; };
		D5A25FA529FBD5BFF8F1A116 /* Pods_ZMWSwiftFramework.framework */ = {isa = PBXFileReference; explicitFileType = wrapper.framework; includeInIndex = 0; path = Pods_ZMWSwiftFramework.framework; sourceTree = BUILT_PRODUCTS_DIR; };
		F828874C68A5CAC779D21ACD /* Pods-ZMWSwiftFramework.debug.xcconfig */ = {isa = PBXFileReference; includeInIndex = 1; lastKnownFileType = text.xcconfig; name = "Pods-ZMWSwiftFramework.debug.xcconfig"; path = "Pods/Target Support Files/Pods-ZMWSwiftFramework/Pods-ZMWSwiftFramework.debug.xcconfig"; sourceTree = "<group>"; };
/* End PBXFileReference section */

/* Begin PBXFrameworksBuildPhase section */
		BDEB8A211FE0EC0E0066C807 /* Frameworks */ = {
			isa = PBXFrameworksBuildPhase;
			buildActionMask = 2147483647;
			files = (
				986D0C95F358045B9A788431 /* Pods_ZMWSwiftFramework.framework in Frameworks */,
			);
			runOnlyForDeploymentPostprocessing = 0;
		};
/* End PBXFrameworksBuildPhase section */

/* Begin PBXGroup section */
		0EBBC0895A39C19BD730AD48 /* Frameworks */ = {
			isa = PBXGroup;
			children = (
				D5A25FA529FBD5BFF8F1A116 /* Pods_ZMWSwiftFramework.framework */,
			);
			name = Frameworks;
			sourceTree = "<group>";
		};
		8A162133096ABCC2FE2398CD /* Pods */ = {
			isa = PBXGroup;
			children = (
				F828874C68A5CAC779D21ACD /* Pods-ZMWSwiftFramework.debug.xcconfig */,
				9ACA409FBF66D15A70686231 /* Pods-ZMWSwiftFramework.release.xcconfig */,
			);
			name = Pods;
			sourceTree = "<group>";
		};
		BDEB8A1B1FE0EC0E0066C807 = {
			isa = PBXGroup;
			children = (
				BDEB8A261FE0EC0E0066C807 /* ZMWSwiftFramework */,
				BDEB8A251FE0EC0E0066C807 /* Products */,
				8A162133096ABCC2FE2398CD /* Pods */,
				0EBBC0895A39C19BD730AD48 /* Frameworks */,
			);
			sourceTree = "<group>";
		};
		BDEB8A251FE0EC0E0066C807 /* Products */ = {
			isa = PBXGroup;
			children = (
				BDEB8A241FE0EC0E0066C807 /* ZMWSwiftFramework.app */,
			);
			name = Products;
			sourceTree = "<group>";
		};
		BDEB8A261FE0EC0E0066C807 /* ZMWSwiftFramework */ = {
			isa = PBXGroup;
			children = (
				BDEB8A501FE115100066C807 /* AppDelegate */,
				BDEB8A4B1FE115100066C807 /* SwiftModule */,
				BDEB8A4C1FE115100066C807 /* SwiftBase */,
				BDEB8A4E1FE115100066C807 /* SwiftTool */,
				BDEB8A521FE115100066C807 /* SwiftKit */,
				BDEB8A4D1FE115100066C807 /* SwiftMacro */,
				BDEB8A4F1FE115100066C807 /* SwiftThridParty */,
				BDEB8A531FE115100066C807 /* SwiftNetworking */,
				BDEB8A461FE115100066C807 /* Supporting Files */,
			);
			path = ZMWSwiftFramework;
			sourceTree = "<group>";
		};
		BDEB8A461FE115100066C807 /* Supporting Files */ = {
			isa = PBXGroup;
			children = (
				BDEB8A471FE115100066C807 /* Assets.xcassets */,
				BDEB8A481FE115100066C807 /* Launch Screen.storyboard */,
				BDEB8A491FE115100066C807 /* Launch1.png */,
				BDEB8A4A1FE115100066C807 /* Info.plist */,
			);
			path = "Supporting Files";
			sourceTree = "<group>";
		};
		BDEB8A4B1FE115100066C807 /* SwiftModule */ = {
			isa = PBXGroup;
			children = (
			);
			path = SwiftModule;
			sourceTree = "<group>";
		};
		BDEB8A4C1FE115100066C807 /* SwiftBase */ = {
			isa = PBXGroup;
			children = (
				BDEB8A591FE119120066C807 /* BaseViewController.swift */,
			);
			path = SwiftBase;
			sourceTree = "<group>";
		};
		BDEB8A4D1FE115100066C807 /* SwiftMacro */ = {
			isa = PBXGroup;
			children = (
				BDEB8A5D1FE119930066C807 /* UtilMacro.swift */,
				BDEB8A5B1FE1195E0066C807 /* SizeMacro.swift */,
				BDEB8A5F1FE119B60066C807 /* ApiMacro.swift */,
				BDEB8A611FE11A090066C807 /* PathMacro.swift */,
			);
			path = SwiftMacro;
			sourceTree = "<group>";
		};
		BDEB8A4E1FE115100066C807 /* SwiftTool */ = {
			isa = PBXGroup;
			children = (
				BDEB8A821FE121D70066C807 /* Tool.swift */,
			);
			path = SwiftTool;
			sourceTree = "<group>";
		};
		BDEB8A4F1FE115100066C807 /* SwiftThridParty */ = {
			isa = PBXGroup;
			children = (
			);
			path = SwiftThridParty;
			sourceTree = "<group>";
		};
		BDEB8A501FE115100066C807 /* AppDelegate */ = {
			isa = PBXGroup;
			children = (
				BDEB8A511FE115100066C807 /* AppDelegate.swift */,
			);
			path = AppDelegate;
			sourceTree = "<group>";
		};
		BDEB8A521FE115100066C807 /* SwiftKit */ = {
			isa = PBXGroup;
			children = (
				BDEB8A631FE11A290066C807 /* Category */,
			);
			path = SwiftKit;
			sourceTree = "<group>";
		};
		BDEB8A531FE115100066C807 /* SwiftNetworking */ = {
			isa = PBXGroup;
			children = (
				BDEB8A841FE122EB0066C807 /* BaseRequestManager.swift */,
				BDEB8A861FE123610066C807 /* TestRequest.swift */,
			);
			path = SwiftNetworking;
			sourceTree = "<group>";
		};
		BDEB8A631FE11A290066C807 /* Category */ = {
			isa = PBXGroup;
			children = (
				BDEB8A761FE11CAE0066C807 /* UIColor+IOSUtil.swift */,
				BDEB8A7C1FE120FE0066C807 /* UIButton+IOSUtil.swift */,
				BDEB8A7E1FE1210F0066C807 /* UILabel+IOSUtil.swift */,
				BDEB8A8A1FE125FD0066C807 /* UITableView+IOSUtil.swift */,
				BDEB8A801FE121200066C807 /* UIImageView+IOSUtil.swift */,
				BDEB8A6B1FE11C9F0066C807 /* UIImage+JCImage.swift */,
				BDEB8A641FE11AC60066C807 /* UIFont+IOSUtil.swift */,
				BDEB8A6C1FE11C9F0066C807 /* UIScrollView+JCScrollView.swift */,
				BDEB8A6E1FE11CA00066C807 /* UITextField+JCTextField.swift */,
				BDEB8A6D1FE11C9F0066C807 /* UITextView+JCTextView.swift */,
				BDEB8A691FE11C9F0066C807 /* UIView+JCView.swift */,
				BDEB8A6A1FE11C9F0066C807 /* UIWebView+JCWebView.swift */,
				BDEB8A661FE11B290066C807 /* UIScreen+JCScale.swift */,
				BDEB8A781FE11E750066C807 /* Data+JCData.swift */,
			);
			path = Category;
			sourceTree = "<group>";
		};
/* End PBXGroup section */

/* Begin PBXNativeTarget section */
		BDEB8A231FE0EC0E0066C807 /* ZMWSwiftFramework */ = {
			isa = PBXNativeTarget;
			buildConfigurationList = BDEB8A361FE0EC0E0066C807 /* Build configuration list for PBXNativeTarget "ZMWSwiftFramework" */;
			buildPhases = (
				90424301AD17B974D525AB61 /* [CP] Check Pods Manifest.lock */,
				BDEB8A201FE0EC0E0066C807 /* Sources */,
				BDEB8A211FE0EC0E0066C807 /* Frameworks */,
				BDEB8A221FE0EC0E0066C807 /* Resources */,
				BCF7DB6DAE1AE588E585B409 /* [CP] Embed Pods Frameworks */,
				6669DE1DA68B901687BC6090 /* [CP] Copy Pods Resources */,
				BDEB8A891FE124DB0066C807 /* ShellScript */,
			);
			buildRules = (
			);
			dependencies = (
			);
			name = ZMWSwiftFramework;
			productName = ZMWSwiftFramework;
			productReference = BDEB8A241FE0EC0E0066C807 /* ZMWSwiftFramework.app */;
			productType = "com.apple.product-type.application";
		};
/* End PBXNativeTarget section */

/* Begin PBXProject section */
		BDEB8A1C1FE0EC0E0066C807 /* Project object */ = {
			isa = PBXProject;
			attributes = {
				LastSwiftUpdateCheck = 0920;
				LastUpgradeCheck = 0920;
				ORGANIZATIONNAME = zhangmingwei;
				TargetAttributes = {
					BDEB8A231FE0EC0E0066C807 = {
						CreatedOnToolsVersion = 9.2;
						ProvisioningStyle = Automatic;
					};
				};
			};
			buildConfigurationList = BDEB8A1F1FE0EC0E0066C807 /* Build configuration list for PBXProject "ZMWSwiftFramework" */;
			compatibilityVersion = "Xcode 8.0";
			developmentRegion = en;
			hasScannedForEncodings = 0;
			knownRegions = (
				en,
				Base,
			);
			mainGroup = BDEB8A1B1FE0EC0E0066C807;
			productRefGroup = BDEB8A251FE0EC0E0066C807 /* Products */;
			projectDirPath = "";
			projectRoot = "";
			targets = (
				BDEB8A231FE0EC0E0066C807 /* ZMWSwiftFramework */,
			);
		};
/* End PBXProject section */

/* Begin PBXResourcesBuildPhase section */
		BDEB8A221FE0EC0E0066C807 /* Resources */ = {
			isa = PBXResourcesBuildPhase;
			buildActionMask = 2147483647;
			files = (
				BDEB8A541FE115100066C807 /* Assets.xcassets in Resources */,
				BDEB8A551FE115100066C807 /* Launch Screen.storyboard in Resources */,
				BDEB8A561FE115100066C807 /* Launch1.png in Resources */,
				BDEB8A571FE115100066C807 /* Info.plist in Resources */,
			);
			runOnlyForDeploymentPostprocessing = 0;
		};
/* End PBXResourcesBuildPhase section */

/* Begin PBXShellScriptBuildPhase section */
		6669DE1DA68B901687BC6090 /* [CP] Copy Pods Resources */ = {
			isa = PBXShellScriptBuildPhase;
			buildActionMask = 2147483647;
			files = (
			);
			inputPaths = (
			);
			name = "[CP] Copy Pods Resources";
			outputPaths = (
			);
			runOnlyForDeploymentPostprocessing = 0;
			shellPath = /bin/sh;
			shellScript = "\"${SRCROOT}/Pods/Target Support Files/Pods-ZMWSwiftFramework/Pods-ZMWSwiftFramework-resources.sh\"\n";
			showEnvVarsInLog = 0;
		};
		90424301AD17B974D525AB61 /* [CP] Check Pods Manifest.lock */ = {
			isa = PBXShellScriptBuildPhase;
			buildActionMask = 2147483647;
			files = (
			);
			inputPaths = (
				"${PODS_PODFILE_DIR_PATH}/Podfile.lock",
				"${PODS_ROOT}/Manifest.lock",
			);
			name = "[CP] Check Pods Manifest.lock";
			outputPaths = (
				"$(DERIVED_FILE_DIR)/Pods-ZMWSwiftFramework-checkManifestLockResult.txt",
			);
			runOnlyForDeploymentPostprocessing = 0;
			shellPath = /bin/sh;
			shellScript = "diff \"${PODS_PODFILE_DIR_PATH}/Podfile.lock\" \"${PODS_ROOT}/Manifest.lock\" > /dev/null\nif [ $? != 0 ] ; then\n    # print error to STDERR\n    echo \"error: The sandbox is not in sync with the Podfile.lock. Run 'pod install' or update your CocoaPods installation.\" >&2\n    exit 1\nfi\n# This output is used by Xcode 'outputs' to avoid re-running this script phase.\necho \"SUCCESS\" > \"${SCRIPT_OUTPUT_FILE_0}\"\n";
			showEnvVarsInLog = 0;
		};
		BCF7DB6DAE1AE588E585B409 /* [CP] Embed Pods Frameworks */ = {
			isa = PBXShellScriptBuildPhase;
			buildActionMask = 2147483647;
			files = (
			);
			inputPaths = (
				"${SRCROOT}/Pods/Target Support Files/Pods-ZMWSwiftFramework/Pods-ZMWSwiftFramework-frameworks.sh",
				"${BUILT_PRODUCTS_DIR}/Alamofire/Alamofire.framework",
				"${BUILT_PRODUCTS_DIR}/Cartography/Cartography.framework",
				"${BUILT_PRODUCTS_DIR}/HandyJSON/HandyJSON.framework",
				"${BUILT_PRODUCTS_DIR}/IQKeyboardManagerSwift/IQKeyboardManagerSwift.framework",
				"${BUILT_PRODUCTS_DIR}/ImageViewer/ImageViewer.framework",
				"${BUILT_PRODUCTS_DIR}/lottie-ios/Lottie.framework",
			);
			name = "[CP] Embed Pods Frameworks";
			outputPaths = (
				"${TARGET_BUILD_DIR}/${FRAMEWORKS_FOLDER_PATH}/Alamofire.framework",
				"${TARGET_BUILD_DIR}/${FRAMEWORKS_FOLDER_PATH}/Cartography.framework",
				"${TARGET_BUILD_DIR}/${FRAMEWORKS_FOLDER_PATH}/HandyJSON.framework",
				"${TARGET_BUILD_DIR}/${FRAMEWORKS_FOLDER_PATH}/IQKeyboardManagerSwift.framework",
				"${TARGET_BUILD_DIR}/${FRAMEWORKS_FOLDER_PATH}/ImageViewer.framework",
				"${TARGET_BUILD_DIR}/${FRAMEWORKS_FOLDER_PATH}/Lottie.framework",
			);
			runOnlyForDeploymentPostprocessing = 0;
			shellPath = /bin/sh;
			shellScript = "\"${SRCROOT}/Pods/Target Support Files/Pods-ZMWSwiftFramework/Pods-ZMWSwiftFramework-frameworks.sh\"\n";
			showEnvVarsInLog = 0;
		};
		BDEB8A891FE124DB0066C807 /* ShellScript */ = {
			isa = PBXShellScriptBuildPhase;
			buildActionMask = 8;
			files = (
			);
			inputPaths = (
			);
			outputPaths = (
			);
			runOnlyForDeploymentPostprocessing = 1;
			shellPath = /bin/sh;
			shellScript = "#!/bin/bash\nREV=`git rev-list HEAD | wc -l | awk '{print $1}'`\n/usr/libexec/PlistBuddy -c \"Set :CFBundleVersion $REV\" \"$INFOPLIST_FILE\"\n# Change the build folder plist file.\n/usr/libexec/PlistBuddy -c \"Set :CFBundleVersion $REV\" \"${TARGET_BUILD_DIR}/${INFOPLIST_PATH}\"";
		};
/* End PBXShellScriptBuildPhase section */

/* Begin PBXSourcesBuildPhase section */
		BDEB8A201FE0EC0E0066C807 /* Sources */ = {
			isa = PBXSourcesBuildPhase;
			buildActionMask = 2147483647;
			files = (
				BDEB8A7F1FE1210F0066C807 /* UILabel+IOSUtil.swift in Sources */,
				BDEB8A7D1FE120FE0066C807 /* UIButton+IOSUtil.swift in Sources */,
				BDEB8A721FE11CA00066C807 /* UIImage+JCImage.swift in Sources */,
				BDEB8A831FE121D70066C807 /* Tool.swift in Sources */,
				BDEB8A8B1FE125FD0066C807 /* UITableView+IOSUtil.swift in Sources */,
				BDEB8A771FE11CAE0066C807 /* UIColor+IOSUtil.swift in Sources */,
				BDEB8A731FE11CA00066C807 /* UIScrollView+JCScrollView.swift in Sources */,
				BDEB8A601FE119B60066C807 /* ApiMacro.swift in Sources */,
				BDEB8A7A1FE11E760066C807 /* Data+JCData.swift in Sources */,
				BDEB8A621FE11A090066C807 /* PathMacro.swift in Sources */,
				BDEB8A701FE11CA00066C807 /* UIView+JCView.swift in Sources */,
				BDEB8A5C1FE1195E0066C807 /* SizeMacro.swift in Sources */,
				BDEB8A811FE121200066C807 /* UIImageView+IOSUtil.swift in Sources */,
				BDEB8A851FE122EB0066C807 /* BaseRequestManager.swift in Sources */,
				BDEB8A581FE115100066C807 /* AppDelegate.swift in Sources */,
				BDEB8A5E1FE119930066C807 /* UtilMacro.swift in Sources */,
				BDEB8A751FE11CA00066C807 /* UITextField+JCTextField.swift in Sources */,
				BDEB8A5A1FE119120066C807 /* BaseViewController.swift in Sources */,
				BDEB8A871FE123610066C807 /* TestRequest.swift in Sources */,
				BDEB8A741FE11CA00066C807 /* UITextView+JCTextView.swift in Sources */,
				BDEB8A651FE11AC60066C807 /* UIFont+IOSUtil.swift in Sources */,
				BDEB8A671FE11B290066C807 /* UIScreen+JCScale.swift in Sources */,
				BDEB8A711FE11CA00066C807 /* UIWebView+JCWebView.swift in Sources */,
			);
			runOnlyForDeploymentPostprocessing = 0;
		};
/* End PBXSourcesBuildPhase section */

/* Begin XCBuildConfiguration section */
		BDEB8A341FE0EC0E0066C807 /* Debug */ = {
			isa = XCBuildConfiguration;
			buildSettings = {
				ALWAYS_SEARCH_USER_PATHS = NO;
				CLANG_ANALYZER_NONNULL = YES;
				CLANG_ANALYZER_NUMBER_OBJECT_CONVERSION = YES_AGGRESSIVE;
				CLANG_CXX_LANGUAGE_STANDARD = "gnu++14";
				CLANG_CXX_LIBRARY = "libc++";
				CLANG_ENABLE_MODULES = YES;
				CLANG_ENABLE_OBJC_ARC = YES;
				CLANG_WARN_BLOCK_CAPTURE_AUTORELEASING = YES;
				CLANG_WARN_BOOL_CONVERSION = YES;
				CLANG_WARN_COMMA = YES;
				CLANG_WARN_CONSTANT_CONVERSION = YES;
				CLANG_WARN_DIRECT_OBJC_ISA_USAGE = YES_ERROR;
				CLANG_WARN_DOCUMENTATION_COMMENTS = YES;
				CLANG_WARN_EMPTY_BODY = YES;
				CLANG_WARN_ENUM_CONVERSION = YES;
				CLANG_WARN_INFINITE_RECURSION = YES;
				CLANG_WARN_INT_CONVERSION = YES;
				CLANG_WARN_NON_LITERAL_NULL_CONVERSION = YES;
				CLANG_WARN_OBJC_LITERAL_CONVERSION = YES;
				CLANG_WARN_OBJC_ROOT_CLASS = YES_ERROR;
				CLANG_WARN_RANGE_LOOP_ANALYSIS = YES;
				CLANG_WARN_STRICT_PROTOTYPES = YES;
				CLANG_WARN_SUSPICIOUS_MOVE = YES;
				CLANG_WARN_UNGUARDED_AVAILABILITY = YES_AGGRESSIVE;
				CLANG_WARN_UNREACHABLE_CODE = YES;
				CLANG_WARN__DUPLICATE_METHOD_MATCH = YES;
				CODE_SIGN_IDENTITY = "iPhone Developer";
				COPY_PHASE_STRIP = NO;
				DEBUG_INFORMATION_FORMAT = dwarf;
				ENABLE_STRICT_OBJC_MSGSEND = YES;
				ENABLE_TESTABILITY = YES;
				GCC_C_LANGUAGE_STANDARD = gnu11;
				GCC_DYNAMIC_NO_PIC = NO;
				GCC_NO_COMMON_BLOCKS = YES;
				GCC_OPTIMIZATION_LEVEL = 0;
				GCC_PREPROCESSOR_DEFINITIONS = (
					"DEBUG=1",
					"$(inherited)",
				);
				GCC_WARN_64_TO_32_BIT_CONVERSION = YES;
				GCC_WARN_ABOUT_RETURN_TYPE = YES_ERROR;
				GCC_WARN_UNDECLARED_SELECTOR = YES;
				GCC_WARN_UNINITIALIZED_AUTOS = YES_AGGRESSIVE;
				GCC_WARN_UNUSED_FUNCTION = YES;
				GCC_WARN_UNUSED_VARIABLE = YES;
				IPHONEOS_DEPLOYMENT_TARGET = 8.0;
				MTL_ENABLE_DEBUG_INFO = YES;
				ONLY_ACTIVE_ARCH = YES;
				SDKROOT = iphoneos;
				SWIFT_ACTIVE_COMPILATION_CONDITIONS = DEBUG;
				SWIFT_OPTIMIZATION_LEVEL = "-Onone";
			};
			name = Debug;
		};
		BDEB8A351FE0EC0E0066C807 /* Release */ = {
			isa = XCBuildConfiguration;
			buildSettings = {
				ALWAYS_SEARCH_USER_PATHS = NO;
				CLANG_ANALYZER_NONNULL = YES;
				CLANG_ANALYZER_NUMBER_OBJECT_CONVERSION = YES_AGGRESSIVE;
				CLANG_CXX_LANGUAGE_STANDARD = "gnu++14";
				CLANG_CXX_LIBRARY = "libc++";
				CLANG_ENABLE_MODULES = YES;
				CLANG_ENABLE_OBJC_ARC = YES;
				CLANG_WARN_BLOCK_CAPTURE_AUTORELEASING = YES;
				CLANG_WARN_BOOL_CONVERSION = YES;
				CLANG_WARN_COMMA = YES;
				CLANG_WARN_CONSTANT_CONVERSION = YES;
				CLANG_WARN_DIRECT_OBJC_ISA_USAGE = YES_ERROR;
				CLANG_WARN_DOCUMENTATION_COMMENTS = YES;
				CLANG_WARN_EMPTY_BODY = YES;
				CLANG_WARN_ENUM_CONVERSION = YES;
				CLANG_WARN_INFINITE_RECURSION = YES;
				CLANG_WARN_INT_CONVERSION = YES;
				CLANG_WARN_NON_LITERAL_NULL_CONVERSION = YES;
				CLANG_WARN_OBJC_LITERAL_CONVERSION = YES;
				CLANG_WARN_OBJC_ROOT_CLASS = YES_ERROR;
				CLANG_WARN_RANGE_LOOP_ANALYSIS = YES;
				CLANG_WARN_STRICT_PROTOTYPES = YES;
				CLANG_WARN_SUSPICIOUS_MOVE = YES;
				CLANG_WARN_UNGUARDED_AVAILABILITY = YES_AGGRESSIVE;
				CLANG_WARN_UNREACHABLE_CODE = YES;
				CLANG_WARN__DUPLICATE_METHOD_MATCH = YES;
				CODE_SIGN_IDENTITY = "iPhone Developer";
				COPY_PHASE_STRIP = NO;
				DEBUG_INFORMATION_FORMAT = "dwarf-with-dsym";
				ENABLE_NS_ASSERTIONS = NO;
				ENABLE_STRICT_OBJC_MSGSEND = YES;
				GCC_C_LANGUAGE_STANDARD = gnu11;
				GCC_NO_COMMON_BLOCKS = YES;
				GCC_WARN_64_TO_32_BIT_CONVERSION = YES;
				GCC_WARN_ABOUT_RETURN_TYPE = YES_ERROR;
				GCC_WARN_UNDECLARED_SELECTOR = YES;
				GCC_WARN_UNINITIALIZED_AUTOS = YES_AGGRESSIVE;
				GCC_WARN_UNUSED_FUNCTION = YES;
				GCC_WARN_UNUSED_VARIABLE = YES;
				IPHONEOS_DEPLOYMENT_TARGET = 8.0;
				MTL_ENABLE_DEBUG_INFO = NO;
				SDKROOT = iphoneos;
				SWIFT_OPTIMIZATION_LEVEL = "-Owholemodule";
				VALIDATE_PRODUCT = YES;
			};
			name = Release;
		};
		BDEB8A371FE0EC0E0066C807 /* Debug */ = {
			isa = XCBuildConfiguration;
			baseConfigurationReference = F828874C68A5CAC779D21ACD /* Pods-ZMWSwiftFramework.debug.xcconfig */;
			buildSettings = {
				ASSETCATALOG_COMPILER_APPICON_NAME = AppIcon;
				CODE_SIGN_STYLE = Automatic;
				DEVELOPMENT_TEAM = 7A99V6896N;
				INFOPLIST_FILE = "$(SRCROOT)/ZMWSwiftFramework/Supporting Files/Info.plist";
				IPHONEOS_DEPLOYMENT_TARGET = 8.0;
				LD_RUNPATH_SEARCH_PATHS = "$(inherited) @executable_path/Frameworks";
				PRODUCT_BUNDLE_IDENTIFIER = com.ios.ZMWSwiftFramework;
				PRODUCT_NAME = "$(TARGET_NAME)";
				SWIFT_VERSION = 4.0;
				TARGETED_DEVICE_FAMILY = 1;
			};
			name = Debug;
		};
		BDEB8A381FE0EC0E0066C807 /* Release */ = {
			isa = XCBuildConfiguration;
			baseConfigurationReference = 9ACA409FBF66D15A70686231 /* Pods-ZMWSwiftFramework.release.xcconfig */;
			buildSettings = {
				ASSETCATALOG_COMPILER_APPICON_NAME = AppIcon;
				CODE_SIGN_STYLE = Automatic;
				DEVELOPMENT_TEAM = 7A99V6896N;
				INFOPLIST_FILE = "$(SRCROOT)/ZMWSwiftFramework/Supporting Files/Info.plist";
				IPHONEOS_DEPLOYMENT_TARGET = 8.0;
				LD_RUNPATH_SEARCH_PATHS = "$(inherited) @executable_path/Frameworks";
				PRODUCT_BUNDLE_IDENTIFIER = com.ios.ZMWSwiftFramework;
				PRODUCT_NAME = "$(TARGET_NAME)";
				SWIFT_VERSION = 4.0;
				TARGETED_DEVICE_FAMILY = 1;
			};
			name = Release;
		};
/* End XCBuildConfiguration section */

/* Begin XCConfigurationList section */
		BDEB8A1F1FE0EC0E0066C807 /* Build configuration list for PBXProject "ZMWSwiftFramework" */ = {
			isa = XCConfigurationList;
			buildConfigurations = (
				BDEB8A341FE0EC0E0066C807 /* Debug */,
				BDEB8A351FE0EC0E0066C807 /* Release */,
			);
			defaultConfigurationIsVisible = 0;
			defaultConfigurationName = Release;
		};
		BDEB8A361FE0EC0E0066C807 /* Build configuration list for PBXNativeTarget "ZMWSwiftFramework" */ = {
			isa = XCConfigurationList;
			buildConfigurations = (
				BDEB8A371FE0EC0E0066C807 /* Debug */,
				BDEB8A381FE0EC0E0066C807 /* Release */,
			);
			defaultConfigurationIsVisible = 0;
			defaultConfigurationName = Release;
		};
/* End XCConfigurationList section */
	};
	rootObject = BDEB8A1C1FE0EC0E0066C807 /* Project object */;
}
